
Microsoft Visual Studio Solution File, Format Version 12.00
# Visual Studio Version 17
VisualStudioVersion = 17.5.33516.290
MinimumVisualStudioVersion = 10.0.40219.1
Project("{2150E333-8FDC-42A3-9474-1A3956D46DE8}") = "framework", "framework", "{6A1C0E47-0219-404E-90E1-B2D16394B702}"
EndProject
Project("{2150E333-8FDC-42A3-9474-1A3956D46DE8}") = "tests", "tests", "{861C3724-2910-43FF-9557-7571790D1A36}"
EndProject
Project("{FAE04EC0-301F-11D3-BF4B-00C04F79EFBC}") = "Ovow.Framework", "src\Ovow.Framework\Ovow.Framework.csproj", "{43D640ED-B974-4612-AADC-4CCCC1EE7BEF}"
EndProject
Project("{2150E333-8FDC-42A3-9474-1A3956D46DE8}") = "tools", "tools", "{B314459F-B1E4-43EB-8B99-AE4022180D8D}"
EndProject
Project("{9A19103F-16F7-4668-BE54-9A1E7A4F7556}") = "PingPongGameDemo", "tests\PingPongGameDemo\PingPongGameDemo.csproj", "{7D2C71AA-AF87-4834-AD57-6FDE17E1584E}"
EndProject
Project("{9A19103F-16F7-4668-BE54-9A1E7A4F7556}") = "Starfield", "tests\Starfield\Starfield.csproj", "{A45DDB60-7231-422E-9E04-21BD5688A21C}"
EndProject
Project("{FAE04EC0-301F-11D3-BF4B-00C04F79EFBC}") = "MonoGameFormsTest", "tests\MonoGameFormsTest\MonoGameFormsTest.csproj", "{CFCD2635-1872-40B4-878A-90D561DF5C3E}"
EndProject
Project("{FAE04EC0-301F-11D3-BF4B-00C04F79EFBC}") = "Ovow.Framework.Forms", "src\Ovow.Framework.Forms\Ovow.Framework.Forms.csproj", "{E8613E93-1118-41F4-BF24-3AC162A8919B}"
EndProject
Project("{FAE04EC0-301F-11D3-BF4B-00C04F79EFBC}") = "Starfield.Forms", "tests\Starfield.Forms\Starfield.Forms.csproj", "{777B9DD8-681A-42DD-9918-8B680B735B17}"
EndProject
Project("{FAE04EC0-301F-11D3-BF4B-00C04F79EFBC}") = "PingPongGameDemo.Forms", "tests\PingPongGameDemo.Forms\PingPongGameDemo.Forms.csproj", "{B6C537A9-2F9E-434B-9100-59DF38620991}"
EndProject
Project("{9A19103F-16F7-4668-BE54-9A1E7A4F7556}") = "Ovow.Tools.Core", "tools\Ovow.Tools.Core\Ovow.Tools.Core.csproj", "{7D86A3E3-8AE4-4F62-B829-961245D02B15}"
EndProject
Project("{9A19103F-16F7-4668-BE54-9A1E7A4F7556}") = "Ovow.Tools.WinMain", "tools\Ovow.Tools.WinMain\Ovow.Tools.WinMain.csproj", "{A13EB368-E8A5-4064-86C1-822F5ED45702}"
EndProject
Project("{FAE04EC0-301F-11D3-BF4B-00C04F79EFBC}") = "Ovow.Tools.Common", "tools\Ovow.Tools.Common\Ovow.Tools.Common.csproj", "{6A3C3C52-3183-4CDF-85DE-AEEC8BA1581C}"
EndProject
Project("{FAE04EC0-301F-11D3-BF4B-00C04F79EFBC}") = "Ovow.Tools.SpriteSheetInspector", "tools\Ovow.Tools.SpriteSheetInspector\Ovow.Tools.SpriteSheetInspector.csproj", "{AF3CBE86-3EA5-46C3-B944-DB7B86A27E0B}"
EndProject
Global
	GlobalSection(SolutionConfigurationPlatforms) = preSolution
		Debug|Any CPU = Debug|Any CPU
		Debug|x86 = Debug|x86
		Release|Any CPU = Release|Any CPU
		Release|x86 = Release|x86
	EndGlobalSection
	GlobalSection(ProjectConfigurationPlatforms) = postSolution
		{43D640ED-B974-4612-AADC-4CCCC1EE7BEF}.Debug|Any CPU.ActiveCfg = Debug|Any CPU
		{43D640ED-B974-4612-AADC-4CCCC1EE7BEF}.Debug|Any CPU.Build.0 = Debug|Any CPU
		{43D640ED-B974-4612-AADC-4CCCC1EE7BEF}.Debug|x86.ActiveCfg = Debug|Any CPU
		{43D640ED-B974-4612-AADC-4CCCC1EE7BEF}.Debug|x86.Build.0 = Debug|Any CPU
		{43D640ED-B974-4612-AADC-4CCCC1EE7BEF}.Release|Any CPU.ActiveCfg = Release|Any CPU
		{43D640ED-B974-4612-AADC-4CCCC1EE7BEF}.Release|Any CPU.Build.0 = Release|Any CPU
		{43D640ED-B974-4612-AADC-4CCCC1EE7BEF}.Release|x86.ActiveCfg = Release|Any CPU
		{43D640ED-B974-4612-AADC-4CCCC1EE7BEF}.Release|x86.Build.0 = Release|Any CPU
		{7D2C71AA-AF87-4834-AD57-6FDE17E1584E}.Debug|Any CPU.ActiveCfg = Debug|Any CPU
		{7D2C71AA-AF87-4834-AD57-6FDE17E1584E}.Debug|Any CPU.Build.0 = Debug|Any CPU
		{7D2C71AA-AF87-4834-AD57-6FDE17E1584E}.Debug|x86.ActiveCfg = Debug|Any CPU
		{7D2C71AA-AF87-4834-AD57-6FDE17E1584E}.Debug|x86.Build.0 = Debug|Any CPU
		{7D2C71AA-AF87-4834-AD57-6FDE17E1584E}.Release|Any CPU.ActiveCfg = Release|Any CPU
		{7D2C71AA-AF87-4834-AD57-6FDE17E1584E}.Release|Any CPU.Build.0 = Release|Any CPU
		{7D2C71AA-AF87-4834-AD57-6FDE17E1584E}.Release|x86.ActiveCfg = Release|Any CPU
		{7D2C71AA-AF87-4834-AD57-6FDE17E1584E}.Release|x86.Build.0 = Release|Any CPU
		{A45DDB60-7231-422E-9E04-21BD5688A21C}.Debug|Any CPU.ActiveCfg = Debug|Any CPU
		{A45DDB60-7231-422E-9E04-21BD5688A21C}.Debug|Any CPU.Build.0 = Debug|Any CPU
		{A45DDB60-7231-422E-9E04-21BD5688A21C}.Debug|x86.ActiveCfg = Debug|Any CPU
		{A45DDB60-7231-422E-9E04-21BD5688A21C}.Debug|x86.Build.0 = Debug|Any CPU
		{A45DDB60-7231-422E-9E04-21BD5688A21C}.Release|Any CPU.ActiveCfg = Release|Any CPU
		{A45DDB60-7231-422E-9E04-21BD5688A21C}.Release|Any CPU.Build.0 = Release|Any CPU
		{A45DDB60-7231-422E-9E04-21BD5688A21C}.Release|x86.ActiveCfg = Release|Any CPU
		{A45DDB60-7231-422E-9E04-21BD5688A21C}.Release|x86.Build.0 = Release|Any CPU
		{CFCD2635-1872-40B4-878A-90D561DF5C3E}.Debug|Any CPU.ActiveCfg = Debug|Any CPU
		{CFCD2635-1872-40B4-878A-90D561DF5C3E}.Debug|Any CPU.Build.0 = Debug|Any CPU
		{CFCD2635-1872-40B4-878A-90D561DF5C3E}.Debug|x86.ActiveCfg = Debug|Any CPU
		{CFCD2635-1872-40B4-878A-90D561DF5C3E}.Debug|x86.Build.0 = Debug|Any CPU
		{CFCD2635-1872-40B4-878A-90D561DF5C3E}.Release|Any CPU.ActiveCfg = Release|Any CPU
		{CFCD2635-1872-40B4-878A-90D561DF5C3E}.Release|Any CPU.Build.0 = Release|Any CPU
		{CFCD2635-1872-40B4-878A-90D561DF5C3E}.Release|x86.ActiveCfg = Release|Any CPU
		{CFCD2635-1872-40B4-878A-90D561DF5C3E}.Release|x86.Build.0 = Release|Any CPU
		{E8613E93-1118-41F4-BF24-3AC162A8919B}.Debug|Any CPU.ActiveCfg = Debug|Any CPU
		{E8613E93-1118-41F4-BF24-3AC162A8919B}.Debug|Any CPU.Build.0 = Debug|Any CPU
		{E8613E93-1118-41F4-BF24-3AC162A8919B}.Debug|x86.ActiveCfg = Debug|Any CPU
		{E8613E93-1118-41F4-BF24-3AC162A8919B}.Debug|x86.Build.0 = Debug|Any CPU
		{E8613E93-1118-41F4-BF24-3AC162A8919B}.Release|Any CPU.ActiveCfg = Release|Any CPU
		{E8613E93-1118-41F4-BF24-3AC162A8919B}.Release|Any CPU.Build.0 = Release|Any CPU
		{E8613E93-1118-41F4-BF24-3AC162A8919B}.Release|x86.ActiveCfg = Release|Any CPU
		{E8613E93-1118-41F4-BF24-3AC162A8919B}.Release|x86.Build.0 = Release|Any CPU
		{777B9DD8-681A-42DD-9918-8B680B735B17}.Debug|Any CPU.ActiveCfg = Debug|Any CPU
		{777B9DD8-681A-42DD-9918-8B680B735B17}.Debug|Any CPU.Build.0 = Debug|Any CPU
		{777B9DD8-681A-42DD-9918-8B680B735B17}.Debug|x86.ActiveCfg = Debug|Any CPU
		{777B9DD8-681A-42DD-9918-8B680B735B17}.Debug|x86.Build.0 = Debug|Any CPU
		{777B9DD8-681A-42DD-9918-8B680B735B17}.Release|Any CPU.ActiveCfg = Release|Any CPU
		{777B9DD8-681A-42DD-9918-8B680B735B17}.Release|Any CPU.Build.0 = Release|Any CPU
		{777B9DD8-681A-42DD-9918-8B680B735B17}.Release|x86.ActiveCfg = Release|Any CPU
		{777B9DD8-681A-42DD-9918-8B680B735B17}.Release|x86.Build.0 = Release|Any CPU
		{B6C537A9-2F9E-434B-9100-59DF38620991}.Debug|Any CPU.ActiveCfg = Debug|Any CPU
		{B6C537A9-2F9E-434B-9100-59DF38620991}.Debug|Any CPU.Build.0 = Debug|Any CPU
		{B6C537A9-2F9E-434B-9100-59DF38620991}.Debug|x86.ActiveCfg = Debug|Any CPU
		{B6C537A9-2F9E-434B-9100-59DF38620991}.Debug|x86.Build.0 = Debug|Any CPU
		{B6C537A9-2F9E-434B-9100-59DF38620991}.Release|Any CPU.ActiveCfg = Release|Any CPU
		{B6C537A9-2F9E-434B-9100-59DF38620991}.Release|Any CPU.Build.0 = Release|Any CPU
		{B6C537A9-2F9E-434B-9100-59DF38620991}.Release|x86.ActiveCfg = Release|Any CPU
		{B6C537A9-2F9E-434B-9100-59DF38620991}.Release|x86.Build.0 = Release|Any CPU
		{7D86A3E3-8AE4-4F62-B829-961245D02B15}.Debug|Any CPU.ActiveCfg = Debug|Any CPU
		{7D86A3E3-8AE4-4F62-B829-961245D02B15}.Debug|Any CPU.Build.0 = Debug|Any CPU
		{7D86A3E3-8AE4-4F62-B829-961245D02B15}.Debug|x86.ActiveCfg = Debug|Any CPU
		{7D86A3E3-8AE4-4F62-B829-961245D02B15}.Debug|x86.Build.0 = Debug|Any CPU
		{7D86A3E3-8AE4-4F62-B829-961245D02B15}.Release|Any CPU.ActiveCfg = Release|Any CPU
		{7D86A3E3-8AE4-4F62-B829-961245D02B15}.Release|Any CPU.Build.0 = Release|Any CPU
		{7D86A3E3-8AE4-4F62-B829-961245D02B15}.Release|x86.ActiveCfg = Release|Any CPU
		{7D86A3E3-8AE4-4F62-B829-961245D02B15}.Release|x86.Build.0 = Release|Any CPU
		{A13EB368-E8A5-4064-86C1-822F5ED45702}.Debug|Any CPU.ActiveCfg = Debug|Any CPU
		{A13EB368-E8A5-4064-86C1-822F5ED45702}.Debug|Any CPU.Build.0 = Debug|Any CPU
		{A13EB368-E8A5-4064-86C1-822F5ED45702}.Debug|x86.ActiveCfg = Debug|Any CPU
		{A13EB368-E8A5-4064-86C1-822F5ED45702}.Debug|x86.Build.0 = Debug|Any CPU
		{A13EB368-E8A5-4064-86C1-822F5ED45702}.Release|Any CPU.ActiveCfg = Release|Any CPU
		{A13EB368-E8A5-4064-86C1-822F5ED45702}.Release|Any CPU.Build.0 = Release|Any CPU
		{A13EB368-E8A5-4064-86C1-822F5ED45702}.Release|x86.ActiveCfg = Release|Any CPU
		{A13EB368-E8A5-4064-86C1-822F5ED45702}.Release|x86.Build.0 = Release|Any CPU
		{6A3C3C52-3183-4CDF-85DE-AEEC8BA1581C}.Debug|Any CPU.ActiveCfg = Debug|Any CPU
		{6A3C3C52-3183-4CDF-85DE-AEEC8BA1581C}.Debug|Any CPU.Build.0 = Debug|Any CPU
		{6A3C3C52-3183-4CDF-85DE-AEEC8BA1581C}.Debug|x86.ActiveCfg = Debug|Any CPU
		{6A3C3C52-3183-4CDF-85DE-AEEC8BA1581C}.Debug|x86.Build.0 = Debug|Any CPU
		{6A3C3C52-3183-4CDF-85DE-AEEC8BA1581C}.Release|Any CPU.ActiveCfg = Release|Any CPU
		{6A3C3C52-3183-4CDF-85DE-AEEC8BA1581C}.Release|Any CPU.Build.0 = Release|Any CPU
		{6A3C3C52-3183-4CDF-85DE-AEEC8BA1581C}.Release|x86.ActiveCfg = Release|Any CPU
		{6A3C3C52-3183-4CDF-85DE-AEEC8BA1581C}.Release|x86.Build.0 = Release|Any CPU
		{AF3CBE86-3EA5-46C3-B944-DB7B86A27E0B}.Debug|Any CPU.ActiveCfg = Debug|Any CPU
		{AF3CBE86-3EA5-46C3-B944-DB7B86A27E0B}.Debug|Any CPU.Build.0 = Debug|Any CPU
		{AF3CBE86-3EA5-46C3-B944-DB7B86A27E0B}.Debug|x86.ActiveCfg = Debug|Any CPU
		{AF3CBE86-3EA5-46C3-B944-DB7B86A27E0B}.Debug|x86.Build.0 = Debug|Any CPU
		{AF3CBE86-3EA5-46C3-B944-DB7B86A27E0B}.Release|Any CPU.ActiveCfg = Release|Any CPU
		{AF3CBE86-3EA5-46C3-B944-DB7B86A27E0B}.Release|Any CPU.Build.0 = Release|Any CPU
		{AF3CBE86-3EA5-46C3-B944-DB7B86A27E0B}.Release|x86.ActiveCfg = Release|Any CPU
		{AF3CBE86-3EA5-46C3-B944-DB7B86A27E0B}.Release|x86.Build.0 = Release|Any CPU
	EndGlobalSection
	GlobalSection(SolutionProperties) = preSolution
		HideSolutionNode = FALSE
	EndGlobalSection
	GlobalSection(NestedProjects) = preSolution
		{43D640ED-B974-4612-AADC-4CCCC1EE7BEF} = {6A1C0E47-0219-404E-90E1-B2D16394B702}
		{7D2C71AA-AF87-4834-AD57-6FDE17E1584E} = {861C3724-2910-43FF-9557-7571790D1A36}
		{A45DDB60-7231-422E-9E04-21BD5688A21C} = {861C3724-2910-43FF-9557-7571790D1A36}
		{CFCD2635-1872-40B4-878A-90D561DF5C3E} = {861C3724-2910-43FF-9557-7571790D1A36}
		{E8613E93-1118-41F4-BF24-3AC162A8919B} = {6A1C0E47-0219-404E-90E1-B2D16394B702}
		{777B9DD8-681A-42DD-9918-8B680B735B17} = {861C3724-2910-43FF-9557-7571790D1A36}
		{B6C537A9-2F9E-434B-9100-59DF38620991} = {861C3724-2910-43FF-9557-7571790D1A36}
		{7D86A3E3-8AE4-4F62-B829-961245D02B15} = {B314459F-B1E4-43EB-8B99-AE4022180D8D}
		{A13EB368-E8A5-4064-86C1-822F5ED45702} = {B314459F-B1E4-43EB-8B99-AE4022180D8D}
		{6A3C3C52-3183-4CDF-85DE-AEEC8BA1581C} = {B314459F-B1E4-43EB-8B99-AE4022180D8D}
		{AF3CBE86-3EA5-46C3-B944-DB7B86A27E0B} = {B314459F-B1E4-43EB-8B99-AE4022180D8D}
	EndGlobalSection
	GlobalSection(ExtensibilityGlobals) = postSolution
		SolutionGuid = {012781C3-AE4B-4323-8337-C828559993DB}
	EndGlobalSection
EndGlobal
